<?xml version="1.0" encoding="utf-8"?>
<Project ToolsVersion="4.0" xmlns="http://schemas.microsoft.com/developer/msbuild/2003">
  <ItemGroup>
    <ClCompile Include="AnimationClip.cpp" />
    <ClCompile Include="CameraController.cpp" />
    <ClCompile Include="EngineInterface.cpp" />
    <ClCompile Include="GameEngine.cpp" />
    <ClCompile Include="GeometryGenerator.cpp" />
    <ClCompile Include="InputManager.cpp" />
    <ClCompile Include="Timer.cpp" />
    <ClCompile Include="pch.cpp">
      <Filter>pch</Filter>
    </ClCompile>
    <ClCompile Include="dllmain.cpp">
      <Filter>DLLMain</Filter>
    </ClCompile>
    <ClCompile Include="Character.cpp">
      <Filter>GameObject</Filter>
    </ClCompile>
    <ClCompile Include="GameObject.cpp">
      <Filter>GameObject</Filter>
    </ClCompile>
    <ClCompile Include="GameUtils.cpp">
      <Filter>GameUtils</Filter>
    </ClCompile>
    <ClCompile Include="Sprite.cpp" />
    <ClCompile Include="MeshObject.cpp">
      <Filter>Model</Filter>
    </ClCompile>
    <ClCompile Include="BaseObject.cpp">
      <Filter>Model</Filter>
    </ClCompile>
    <ClCompile Include="Model.cpp">
      <Filter>Model</Filter>
    </ClCompile>
    <ClCompile Include="CollisionShape.cpp" />
  </ItemGroup>
  <ItemGroup>
    <ClInclude Include="AnimationClip.h" />
    <ClInclude Include="CameraController.h" />
    <ClInclude Include="GameEngine.h" />
    <ClInclude Include="GeometryGenerator.h" />
    <ClInclude Include="EngineInterface.h" />
    <ClInclude Include="InputManager.h" />
    <ClInclude Include="Timer.h" />
    <ClInclude Include="pch.h">
      <Filter>pch</Filter>
    </ClInclude>
    <ClInclude Include="Character.h">
      <Filter>GameObject</Filter>
    </ClInclude>
    <ClInclude Include="GameObject.h">
      <Filter>GameObject</Filter>
    </ClInclude>
    <ClInclude Include="GameUtils.h">
      <Filter>GameUtils</Filter>
    </ClInclude>
    <ClInclude Include="Sprite.h" />
    <ClInclude Include="MeshObject.h">
      <Filter>Model</Filter>
    </ClInclude>
    <ClInclude Include="BaseObject.h">
      <Filter>Model</Filter>
    </ClInclude>
    <ClInclude Include="Model.h">
      <Filter>Model</Filter>
    </ClInclude>
    <ClInclude Include="CollisionShape.h" />
  </ItemGroup>
  <ItemGroup>
    <Filter Include="pch">
      <UniqueIdentifier>{5296aa27-4581-4016-816e-0c3bd235c011}</UniqueIdentifier>
    </Filter>
    <Filter Include="DLLMain">
      <UniqueIdentifier>{1cb27210-4505-493d-b9f0-2be852a6d1bd}</UniqueIdentifier>
    </Filter>
    <Filter Include="GameObject">
      <UniqueIdentifier>{9c64e1f9-0974-47ed-9ef1-56b8ed09e298}</UniqueIdentifier>
    </Filter>
    <Filter Include="Model">
      <UniqueIdentifier>{4e3be451-fbaf-4b2c-a8d0-143c8b9d3d0f}</UniqueIdentifier>
    </Filter>
    <Filter Include="GameUtils">
      <UniqueIdentifier>{9cfe771c-b251-463c-ba0b-dc9fea5e6bd1}</UniqueIdentifier>
    </Filter>
    <Filter Include="Collision">
      <UniqueIdentifier>{894be68f-dfa3-41d8-814f-5df68a4c3692}</UniqueIdentifier>
    </Filter>
  </ItemGroup>
</Project>