<?xml version="1.0" encoding="utf-8"?>
<Project ToolsVersion="4.0" xmlns="http://schemas.microsoft.com/developer/msbuild/2003">
  <ItemGroup>
    <Filter Include="Resource Files">
      <UniqueIdentifier>{67DA6AB6-F800-4c08-8B7A-83BB121AAD01}</UniqueIdentifier>
      <Extensions>rc;ico;cur;bmp;dlg;rc2;rct;bin;rgs;gif;jpg;jpeg;jpe;resx;tiff;tif;png;wav;mfcribbon-ms</Extensions>
    </Filter>
    <Filter Include="D3DRenderer">
      <UniqueIdentifier>{1935d0ad-e574-4df3-8257-64e35d5cc83a}</UniqueIdentifier>
    </Filter>
    <Filter Include="D3DUtil">
      <UniqueIdentifier>{7ff8e894-362b-4330-8600-4ad361d8d407}</UniqueIdentifier>
    </Filter>
    <Filter Include="D3DResourceManager">
      <UniqueIdentifier>{76b9ef41-75f3-4683-a162-e4734f78929c}</UniqueIdentifier>
    </Filter>
    <Filter Include="typedef">
      <UniqueIdentifier>{863a41f3-517d-4dc2-80fe-ac139d429692}</UniqueIdentifier>
    </Filter>
    <Filter Include="MeshObject">
      <UniqueIdentifier>{415b124d-2a9d-4058-b295-b8e219e1e394}</UniqueIdentifier>
    </Filter>
    <Filter Include="Graphics">
      <UniqueIdentifier>{21a39898-ccdc-493a-bdb7-a96cc9f9339f}</UniqueIdentifier>
    </Filter>
    <Filter Include="pch">
      <UniqueIdentifier>{defdd1db-f3fd-4708-97c4-865fde917474}</UniqueIdentifier>
    </Filter>
    <Filter Include="ConstantBufferPool">
      <UniqueIdentifier>{3523c70e-218c-42af-b93a-edfbcd9fcee5}</UniqueIdentifier>
    </Filter>
    <Filter Include="DescriptorAllocator">
      <UniqueIdentifier>{b8f93c67-8894-4327-bdb3-c0ef7e652a81}</UniqueIdentifier>
    </Filter>
    <Filter Include="SpriteObject">
      <UniqueIdentifier>{f0d7cd95-371b-45ae-b73e-adc2291f48b9}</UniqueIdentifier>
    </Filter>
    <Filter Include="FontManager">
      <UniqueIdentifier>{662c1661-6e5a-435c-a787-68387bda2b53}</UniqueIdentifier>
    </Filter>
    <Filter Include="TextureManager">
      <UniqueIdentifier>{f277fbf2-0175-4b43-8bee-d6e0beaa981b}</UniqueIdentifier>
    </Filter>
    <Filter Include="RenderQueue">
      <UniqueIdentifier>{2694e82c-79a9-45ed-8016-346ba274e3f2}</UniqueIdentifier>
    </Filter>
    <Filter Include="CommandListPool">
      <UniqueIdentifier>{84a5eb71-7144-4ade-b8db-ade728d794e6}</UniqueIdentifier>
    </Filter>
    <Filter Include="RenderThread">
      <UniqueIdentifier>{fadfb507-8647-4c5b-8cd6-7c74adad509e}</UniqueIdentifier>
    </Filter>
    <Filter Include="DXRUtils">
      <UniqueIdentifier>{c2238c1b-b07f-4c94-822b-a9e3b331363d}</UniqueIdentifier>
    </Filter>
    <Filter Include="DescriptorPool">
      <UniqueIdentifier>{1e50e0be-c373-4e2f-9b0c-0f8cfe0d6b08}</UniqueIdentifier>
    </Filter>
    <Filter Include="DXRSceneManager">
      <UniqueIdentifier>{5f548d57-2750-4ce0-bf9b-25b7b065f75f}</UniqueIdentifier>
    </Filter>
    <Filter Include="MaterialManager">
      <UniqueIdentifier>{ba3f981f-ed06-43c0-ae4d-5c5eda916d60}</UniqueIdentifier>
    </Filter>
    <Filter Include="ConstantBufferManager">
      <UniqueIdentifier>{a6769bfc-c9f8-47c1-95a5-927381dc9e98}</UniqueIdentifier>
    </Filter>
    <Filter Include="Cubemap">
      <UniqueIdentifier>{e0e248a7-bf3e-4bd9-828c-609baaee2e74}</UniqueIdentifier>
    </Filter>
    <Filter Include="Shaders">
      <UniqueIdentifier>{17647e37-92b2-4604-9fa2-ee167e09d284}</UniqueIdentifier>
    </Filter>
    <Filter Include="Shaders\DXR">
      <UniqueIdentifier>{10f0878c-365a-4bf8-a031-079d9153e38f}</UniqueIdentifier>
    </Filter>
  </ItemGroup>
  <ItemGroup>
    <ClInclude Include="D3D12Renderer.h">
      <Filter>D3DRenderer</Filter>
    </ClInclude>
    <ClInclude Include="D3DUtil.h">
      <Filter>D3DUtil</Filter>
    </ClInclude>
    <ClInclude Include="RendererTypedef.h">
      <Filter>typedef</Filter>
    </ClInclude>
    <ClInclude Include="DescriptorAllocator.h">
      <Filter>DescriptorAllocator</Filter>
    </ClInclude>
    <ClInclude Include="D3D12ResourceManager.h">
      <Filter>D3DResourceManager</Filter>
    </ClInclude>
    <ClInclude Include="DescriptorPool.h">
      <Filter>DescriptorPool</Filter>
    </ClInclude>
    <ClInclude Include="D3DMeshObject.h">
      <Filter>MeshObject</Filter>
    </ClInclude>
    <ClInclude Include="GraphicsCommon.h">
      <Filter>Graphics</Filter>
    </ClInclude>
    <ClInclude Include="pch.h">
      <Filter>pch</Filter>
    </ClInclude>
    <ClInclude Include="ConstantBufferPool.h">
      <Filter>ConstantBufferPool</Filter>
    </ClInclude>
    <ClInclude Include="SpriteObject.h">
      <Filter>SpriteObject</Filter>
    </ClInclude>
    <ClInclude Include="FontManager.h">
      <Filter>FontManager</Filter>
    </ClInclude>
    <ClInclude Include="RenderQueue.h">
      <Filter>RenderQueue</Filter>
    </ClInclude>
    <ClInclude Include="CommandListPool.h">
      <Filter>CommandListPool</Filter>
    </ClInclude>
    <ClInclude Include="RenderThread.h">
      <Filter>RenderThread</Filter>
    </ClInclude>
    <ClInclude Include="DXRSceneManager.h">
      <Filter>DXRSceneManager</Filter>
    </ClInclude>
    <ClInclude Include="ShaderTable.h">
      <Filter>DXRUtils</Filter>
    </ClInclude>
    <ClInclude Include="MaterialManager.h">
      <Filter>MaterialManager</Filter>
    </ClInclude>
    <ClInclude Include="TextureManager.h">
      <Filter>TextureManager</Filter>
    </ClInclude>
    <ClInclude Include="ConstantBufferManager.h">
      <Filter>ConstantBufferManager</Filter>
    </ClInclude>
    <ClInclude Include="ConstantBufferManager.h">
      <Filter>ConstantBufferManager</Filter>
    </ClInclude>
    <ClInclude Include="Cubemap.h">
      <Filter>Cubemap</Filter>
    </ClInclude>
    <ClInclude Include="ConstantBuffers.h" />
    <ClInclude Include="framework.h" />
    <ClInclude Include="RendererInterface.h" />
  </ItemGroup>
  <ItemGroup>
    <ClCompile Include="D3D12Renderer.cpp">
      <Filter>D3DRenderer</Filter>
    </ClCompile>
    <ClCompile Include="D3DUtil.cpp">
      <Filter>D3DUtil</Filter>
    </ClCompile>
    <ClCompile Include="DescriptorAllocator.cpp">
      <Filter>DescriptorAllocator</Filter>
    </ClCompile>
    <ClCompile Include="D3D12ResourceManager.cpp">
      <Filter>D3DResourceManager</Filter>
    </ClCompile>
    <ClCompile Include="DescriptorPool.cpp">
      <Filter>DescriptorPool</Filter>
    </ClCompile>
    <ClCompile Include="D3DMeshObject.cpp">
      <Filter>MeshObject</Filter>
    </ClCompile>
    <ClCompile Include="GraphicsCommon.cpp">
      <Filter>Graphics</Filter>
    </ClCompile>
    <ClCompile Include="pch.cpp">
      <Filter>pch</Filter>
    </ClCompile>
    <ClCompile Include="ConstantBufferPool.cpp">
      <Filter>ConstantBufferPool</Filter>
    </ClCompile>
    <ClCompile Include="SpriteObject.cpp">
      <Filter>SpriteObject</Filter>
    </ClCompile>
    <ClCompile Include="FontManager.cpp">
      <Filter>FontManager</Filter>
    </ClCompile>
    <ClCompile Include="TextureManager.cpp">
      <Filter>TextureManager</Filter>
    </ClCompile>
    <ClCompile Include="RenderQueue.cpp">
      <Filter>RenderQueue</Filter>
    </ClCompile>
    <ClCompile Include="CommandListPool.cpp">
      <Filter>CommandListPool</Filter>
    </ClCompile>
    <ClCompile Include="RenderThread.cpp">
      <Filter>RenderThread</Filter>
    </ClCompile>
    <ClCompile Include="DXRSceneManager.cpp">
      <Filter>DXRSceneManager</Filter>
    </ClCompile>
    <ClCompile Include="ShaderTable.cpp">
      <Filter>DXRUtils</Filter>
    </ClCompile>
    <ClCompile Include="MaterialManager.cpp">
      <Filter>MaterialManager</Filter>
    </ClCompile>
    <ClCompile Include="ConstantBufferManager.cpp">
      <Filter>ConstantBufferManager</Filter>
    </ClCompile>
    <ClCompile Include="Cubemap.cpp">
      <Filter>Cubemap</Filter>
    </ClCompile>
    <ClCompile Include="dllmain.cpp" />
    <ClCompile Include="RendererInterface.cpp" />
  </ItemGroup>
  <ItemGroup>
    <None Include="packages.config" />
  </ItemGroup>
  <ItemGroup>
    <CustomBuild Include="..\Client\Shaders\BasicPS.hlsl">
      <Filter>Shaders</Filter>
    </CustomBuild>
    <CustomBuild Include="..\Client\Shaders\BasicVS.hlsl">
      <Filter>Shaders</Filter>
    </CustomBuild>
    <CustomBuild Include="..\Client\Shaders\BxDF.hlsli">
      <Filter>Shaders</Filter>
    </CustomBuild>
    <CustomBuild Include="..\Client\Shaders\Common.hlsli">
      <Filter>Shaders</Filter>
    </CustomBuild>
    <CustomBuild Include="..\Client\Shaders\ComputeShader.hlsl">
      <Filter>Shaders</Filter>
    </CustomBuild>
    <CustomBuild Include="..\Client\Shaders\Phong.hlsli">
      <Filter>Shaders</Filter>
    </CustomBuild>
    <CustomBuild Include="..\Client\Shaders\PresentPS.hlsl">
      <Filter>Shaders</Filter>
    </CustomBuild>
    <CustomBuild Include="..\Client\Shaders\PresentVS.hlsl">
      <Filter>Shaders</Filter>
    </CustomBuild>
    <CustomBuild Include="..\Client\Shaders\SkinningCS.hlsl">
      <Filter>Shaders</Filter>
    </CustomBuild>
    <CustomBuild Include="..\Client\Shaders\SkyboxPS.hlsl">
      <Filter>Shaders</Filter>
    </CustomBuild>
    <CustomBuild Include="..\Client\Shaders\SkyboxVS.hlsl">
      <Filter>Shaders</Filter>
    </CustomBuild>
    <CustomBuild Include="..\Client\Shaders\SpritePS.hlsl">
      <Filter>Shaders</Filter>
    </CustomBuild>
    <CustomBuild Include="..\Client\Shaders\SpriteVS.hlsl">
      <Filter>Shaders</Filter>
    </CustomBuild>
    <CustomBuild Include="..\Client\Shaders\DXR\BxDF.hlsli">
      <Filter>Shaders\DXR</Filter>
    </CustomBuild>
    <CustomBuild Include="..\Client\Shaders\DXR\Common.hlsli">
      <Filter>Shaders\DXR</Filter>
    </CustomBuild>
    <CustomBuild Include="..\Client\Shaders\DXR\Hit.hlsl">
      <Filter>Shaders\DXR</Filter>
    </CustomBuild>
    <CustomBuild Include="..\Client\Shaders\DXR\HlslCompat.hlsli">
      <Filter>Shaders\DXR</Filter>
    </CustomBuild>
    <CustomBuild Include="..\Client\Shaders\DXR\Miss.hlsl">
      <Filter>Shaders\DXR</Filter>
    </CustomBuild>
    <CustomBuild Include="..\Client\Shaders\DXR\RayGen.hlsl">
      <Filter>Shaders\DXR</Filter>
    </CustomBuild>
    <CustomBuild Include="..\Client\Shaders\DXR\RaytracingHlslCompat.h">
      <Filter>Shaders\DXR</Filter>
    </CustomBuild>
    <CustomBuild Include="..\Client\Shaders\DXR\RaytracingTypedef.h">
      <Filter>Shaders\DXR</Filter>
    </CustomBuild>
    <CustomBuild Include="..\Client\Shaders\DXR\RaytracingTypedef.hlsli">
      <Filter>Shaders\DXR</Filter>
    </CustomBuild>
    <CustomBuild Include="..\Client\Shaders\DXR\ShadowRay.hlsl">
      <Filter>Shaders\DXR</Filter>
    </CustomBuild>
    <CustomBuild Include="..\Client\Shaders\DepthOnlyPS.hlsl">
      <Filter>Shaders</Filter>
    </CustomBuild>
    <CustomBuild Include="..\Client\Shaders\DepthOnlyVS.hlsl">
      <Filter>Shaders</Filter>
    </CustomBuild>
    <CustomBuild Include="..\Client\Shaders\D32ToRgbaPS.hlsl">
      <Filter>Shaders</Filter>
    </CustomBuild>
  </ItemGroup>
</Project>