<?xml version="1.0" encoding="utf-8"?>
<Project ToolsVersion="4.0" xmlns="http://schemas.microsoft.com/developer/msbuild/2003">
  <ItemGroup>
    <Filter Include="Resource Files">
      <UniqueIdentifier>{67DA6AB6-F800-4c08-8B7A-83BB121AAD01}</UniqueIdentifier>
      <Extensions>rc;ico;cur;bmp;dlg;rc2;rct;bin;rgs;gif;jpg;jpeg;jpe;resx;tiff;tif;png;wav;mfcribbon-ms</Extensions>
    </Filter>
    <Filter Include="MainEntry">
      <UniqueIdentifier>{e22cb14d-114d-4701-8eb5-fd95f8cd3d25}</UniqueIdentifier>
    </Filter>
    <Filter Include="pch">
      <UniqueIdentifier>{d9b92656-5221-4740-a042-0c3dbdfa458d}</UniqueIdentifier>
    </Filter>
    <Filter Include="Components">
      <UniqueIdentifier>{4cb508bf-8f30-4ceb-9f8c-b4fa704d2f2c}</UniqueIdentifier>
    </Filter>
    <Filter Include="GUIView">
      <UniqueIdentifier>{88bd798a-09b2-4f26-a40e-2a0e435bd562}</UniqueIdentifier>
    </Filter>
  </ItemGroup>
  <ItemGroup>
    <ClInclude Include="Resource.h">
      <Filter>Resource Files</Filter>
    </ClInclude>
    <ClInclude Include="targetver.h">
      <Filter>Resource Files</Filter>
    </ClInclude>
    <ClInclude Include="GameEditor.h" />
    <ClInclude Include="pch.h">
      <Filter>pch</Filter>
    </ClInclude>
    <ClInclude Include="GUIController.h" />
    <ClInclude Include="FileDialogUtils.h" />
    <ClInclude Include="CameraController.h" />
    <ClInclude Include="InputManager.h" />
    <ClInclude Include="GUIView.h">
      <Filter>GUIView</Filter>
    </ClInclude>
  </ItemGroup>
  <ItemGroup>
    <ClCompile Include="GameEditor.cpp" />
    <ClCompile Include="main.cpp">
      <Filter>MainEntry</Filter>
    </ClCompile>
    <ClCompile Include="pch.cpp">
      <Filter>pch</Filter>
    </ClCompile>
    <ClCompile Include="GUIController.cpp" />
    <ClCompile Include="FileDialogUtils.cpp" />
    <ClCompile Include="CameraController.cpp" />
    <ClCompile Include="InputManager.cpp" />
    <ClCompile Include="GUIViewHierarchy.cpp">
      <Filter>GUIView</Filter>
    </ClCompile>
    <ClCompile Include="GUIViewSceneView.cpp">
      <Filter>GUIView</Filter>
    </ClCompile>
    <ClCompile Include="GUIViewInspector.cpp">
      <Filter>GUIView</Filter>
    </ClCompile>
    <ClCompile Include="GUIViewProject.cpp">
      <Filter>GUIView</Filter>
    </ClCompile>
  </ItemGroup>
  <ItemGroup>
    <ResourceCompile Include="DoldamEditor.rc">
      <Filter>Resource Files</Filter>
    </ResourceCompile>
  </ItemGroup>
  <ItemGroup>
    <Image Include="small.ico">
      <Filter>Resource Files</Filter>
    </Image>
    <Image Include="DoldamEditor.ico">
      <Filter>Resource Files</Filter>
    </Image>
  </ItemGroup>
  <ItemGroup>
    <None Include="Config.ini" />
  </ItemGroup>
</Project>