<?xml version="1.0" encoding="utf-8"?>
<Project ToolsVersion="4.0" xmlns="http://schemas.microsoft.com/developer/msbuild/2003">
  <ItemGroup>
    <Filter Include="DLLMain">
      <UniqueIdentifier>{e6154f1d-abbe-4b85-8fcd-3c275e596604}</UniqueIdentifier>
    </Filter>
    <Filter Include="pch">
      <UniqueIdentifier>{0eb2153c-4d8a-4d7f-9f78-0ff522b2b834}</UniqueIdentifier>
    </Filter>
    <Filter Include="RigidBody">
      <UniqueIdentifier>{4ac9dd21-df42-49a6-a1c3-2f1ee360a10c}</UniqueIdentifier>
    </Filter>
    <Filter Include="Collider">
      <UniqueIdentifier>{ae33bead-2546-4fc9-9031-b1780dba34b6}</UniqueIdentifier>
    </Filter>
  </ItemGroup>
  <ItemGroup>
    <ClInclude Include="..\Common\PhysicsInterface.h" />
    <ClInclude Include="framework.h">
      <Filter>pch</Filter>
    </ClInclude>
    <ClInclude Include="pch.h">
      <Filter>pch</Filter>
    </ClInclude>
    <ClInclude Include="BroadPhase.h" />
    <ClInclude Include="CapsuleCollider.h" />
    <ClInclude Include="Contact.h" />
    <ClInclude Include="GJK.h" />
    <ClInclude Include="Maniford.h" />
    <ClInclude Include="PhysicsManager.h" />
    <ClInclude Include="BoxCollider.h">
      <Filter>Collider</Filter>
    </ClInclude>
    <ClInclude Include="ConvexCollider.h">
      <Filter>Collider</Filter>
    </ClInclude>
    <ClInclude Include="RigidBody.h">
      <Filter>RigidBody</Filter>
    </ClInclude>
    <ClInclude Include="SphereCollider.h">
      <Filter>Collider</Filter>
    </ClInclude>
    <ClInclude Include="EllipseCollider.h">
      <Filter>Collider</Filter>
    </ClInclude>
  </ItemGroup>
  <ItemGroup>
    <ClCompile Include="dllmain.cpp">
      <Filter>DLLMain</Filter>
    </ClCompile>
    <ClCompile Include="pch.cpp">
      <Filter>pch</Filter>
    </ClCompile>
    <ClCompile Include="BroadPhase.cpp" />
    <ClCompile Include="CapsuleCollider.cpp" />
    <ClCompile Include="Contact.cpp" />
    <ClCompile Include="GJK.cpp" />
    <ClCompile Include="Maniford.cpp" />
    <ClCompile Include="PhysicsManager.cpp" />
    <ClCompile Include="BoxCollider.cpp">
      <Filter>Collider</Filter>
    </ClCompile>
    <ClCompile Include="ConvexCollider.cpp">
      <Filter>Collider</Filter>
    </ClCompile>
    <ClCompile Include="RigidBody.cpp">
      <Filter>RigidBody</Filter>
    </ClCompile>
    <ClCompile Include="SphereCollider.cpp">
      <Filter>Collider</Filter>
    </ClCompile>
    <ClCompile Include="EllipseCollider.cpp">
      <Filter>Collider</Filter>
    </ClCompile>
  </ItemGroup>
</Project>