<?xml version="1.0" encoding="utf-8"?>
<Project ToolsVersion="4.0" xmlns="http://schemas.microsoft.com/developer/msbuild/2003">
  <ItemGroup>
    <Filter Include="HashTable">
      <UniqueIdentifier>{612af06a-8561-4cdf-8264-948484edf40e}</UniqueIdentifier>
    </Filter>
    <Filter Include="StrUtil">
      <UniqueIdentifier>{47e0f760-a339-4119-a388-ea50091897d2}</UniqueIdentifier>
    </Filter>
    <Filter Include="LinkedList">
      <UniqueIdentifier>{b30fecb3-6334-46ff-9966-1399df0a9db8}</UniqueIdentifier>
    </Filter>
    <Filter Include="ProcessInfo">
      <UniqueIdentifier>{5f574e0f-857f-4410-a3a4-3ed420392599}</UniqueIdentifier>
    </Filter>
    <Filter Include="SpinLock">
      <UniqueIdentifier>{0c29a1a4-43fc-4072-9255-7c9b3c399796}</UniqueIdentifier>
    </Filter>
    <Filter Include="MemoryPool">
      <UniqueIdentifier>{198cf921-a4bf-4434-b53e-97e4d325b640}</UniqueIdentifier>
    </Filter>
    <Filter Include="pch">
      <UniqueIdentifier>{06b40888-0db4-4fb7-b660-7deb7469737e}</UniqueIdentifier>
    </Filter>
    <Filter Include="ThreadPool">
      <UniqueIdentifier>{b45b9f94-ef01-4a41-b605-5b7ad7653b32}</UniqueIdentifier>
    </Filter>
    <Filter Include="DataStructure">
      <UniqueIdentifier>{951ec261-2323-4906-bb52-b5476184372f}</UniqueIdentifier>
    </Filter>
  </ItemGroup>
  <ItemGroup>
    <ClInclude Include="StringUtil.h">
      <Filter>StrUtil</Filter>
    </ClInclude>
    <ClInclude Include="HashTable.h">
      <Filter>HashTable</Filter>
    </ClInclude>
    <ClInclude Include="ProcessInfo.h">
      <Filter>ProcessInfo</Filter>
    </ClInclude>
    <ClInclude Include="MemoryPool.h">
      <Filter>MemoryPool</Filter>
    </ClInclude>
    <ClInclude Include="LinkedList.h">
      <Filter>LinkedList</Filter>
    </ClInclude>
    <ClInclude Include="SpinLock.h">
      <Filter>SpinLock</Filter>
    </ClInclude>
    <ClInclude Include="MemoryPool.h">
      <Filter>MemoryPool</Filter>
    </ClInclude>
    <ClInclude Include="pch.h">
      <Filter>pch</Filter>
    </ClInclude>
    <ClInclude Include="GenericHeaders.h" />
    <ClInclude Include="ThreadPool.h">
      <Filter>ThreadPool</Filter>
    </ClInclude>
    <ClInclude Include="EventListener.h" />
    <ClInclude Include="MemoryStreamBuf.h" />
    <ClInclude Include="BVH.h">
      <Filter>DataStructure</Filter>
    </ClInclude>
    <ClInclude Include="KDTree.h">
      <Filter>DataStructure</Filter>
    </ClInclude>
  </ItemGroup>
  <ItemGroup>
    <ClCompile Include="StringUtil.cpp">
      <Filter>StrUtil</Filter>
    </ClCompile>
    <ClCompile Include="HashTable.cpp">
      <Filter>HashTable</Filter>
    </ClCompile>
    <ClCompile Include="ProcessInfo.cpp">
      <Filter>ProcessInfo</Filter>
    </ClCompile>
    <ClCompile Include="MemoryPool.cpp">
      <Filter>MemoryPool</Filter>
    </ClCompile>
    <ClCompile Include="LinkedList.cpp">
      <Filter>LinkedList</Filter>
    </ClCompile>
    <ClCompile Include="SpinLock.cpp">
      <Filter>SpinLock</Filter>
    </ClCompile>
    <ClCompile Include="MemoryPool.cpp">
      <Filter>MemoryPool</Filter>
    </ClCompile>
    <ClCompile Include="pch.cpp">
      <Filter>pch</Filter>
    </ClCompile>
    <ClCompile Include="EventListener.cpp" />
    <ClCompile Include="BVH.cpp">
      <Filter>DataStructure</Filter>
    </ClCompile>
    <ClCompile Include="KDTree.cpp">
      <Filter>DataStructure</Filter>
    </ClCompile>
  </ItemGroup>
</Project>