<?xml version="1.0" encoding="utf-8"?>
<Project ToolsVersion="4.0" xmlns="http://schemas.microsoft.com/developer/msbuild/2003">
  <ItemGroup>
    <Filter Include="pch">
      <UniqueIdentifier>{f7503ace-5b08-4961-993c-cbbeb40557f4}</UniqueIdentifier>
    </Filter>
    <Filter Include="SimpleMath">
      <UniqueIdentifier>{bb904fbd-8580-4f27-aca9-65eade86f0bc}</UniqueIdentifier>
    </Filter>
  </ItemGroup>
  <ItemGroup>
    <ClInclude Include="pch.h">
      <Filter>pch</Filter>
    </ClInclude>
    <ClInclude Include="framework.h" />
    <ClInclude Include="Frustum.h" />
    <ClInclude Include="Joint.h" />
    <ClInclude Include="Material.h" />
    <ClInclude Include="MathHeaders.h" />
    <ClInclude Include="MathUtils.h" />
    <ClInclude Include="Transform.h" />
    <ClInclude Include="Vertex.h" />
    <ClInclude Include="Camera.h" />
    <ClInclude Include="Bounds.h" />
    <ClInclude Include="SimpleMath.h">
      <Filter>SimpleMath</Filter>
    </ClInclude>
    <ClInclude Include="ColorUtils.h" />
    <ClInclude Include="Ray.h" />
    <ClInclude Include="Collisions.h" />
    <ClInclude Include="Plane.h" />
    <ClInclude Include="Particle.h" />
    <ClInclude Include="Vector12.h" />
    <ClInclude Include="Matrix12.h" />
    <ClInclude Include="MatN.h" />
    <ClInclude Include="Keyframe.h" />
  </ItemGroup>
  <ItemGroup>
    <ClCompile Include="pch.cpp">
      <Filter>pch</Filter>
    </ClCompile>
    <ClCompile Include="Transform.cpp" />
    <ClCompile Include="Camera.cpp" />
    <ClCompile Include="Bounds.cpp" />
    <ClCompile Include="MathUtils.cpp" />
    <ClCompile Include="SimpleMath.cpp">
      <Filter>SimpleMath</Filter>
    </ClCompile>
    <ClCompile Include="ColorUtils.cpp" />
    <ClCompile Include="Collisions.cpp" />
    <ClCompile Include="Plane.cpp" />
    <ClCompile Include="Frustum.cpp" />
    <ClCompile Include="Particle.cpp" />
    <ClCompile Include="Vector12.cpp" />
    <ClCompile Include="Matrix12.cpp" />
    <ClCompile Include="MatN.cpp" />
    <ClCompile Include="Keyframe.cpp" />
  </ItemGroup>
  <ItemGroup>
    <None Include="SimpleMath.inl">
      <Filter>SimpleMath</Filter>
    </None>
  </ItemGroup>
</Project>