<?xml version="1.0" encoding="utf-8"?>
<Project ToolsVersion="4.0" xmlns="http://schemas.microsoft.com/developer/msbuild/2003">
  <ItemGroup>
    <Filter Include="pch">
      <UniqueIdentifier>{f7503ace-5b08-4961-993c-cbbeb40557f4}</UniqueIdentifier>
    </Filter>
    <Filter Include="Shape">
      <UniqueIdentifier>{67ae1203-e691-4c94-b43f-15c76b79bd51}</UniqueIdentifier>
    </Filter>
    <Filter Include="SimpleMath">
      <UniqueIdentifier>{bb904fbd-8580-4f27-aca9-65eade86f0bc}</UniqueIdentifier>
    </Filter>
  </ItemGroup>
  <ItemGroup>
    <ClInclude Include="pch.h">
      <Filter>pch</Filter>
    </ClInclude>
    <ClInclude Include="framework.h" />
    <ClInclude Include="Frustum.h" />
    <ClInclude Include="Joint.h" />
    <ClInclude Include="Material.h" />
    <ClInclude Include="MathHeaders.h" />
    <ClInclude Include="MathUtils.h" />
    <ClInclude Include="Transform.h" />
    <ClInclude Include="Vertex.h" />
    <ClInclude Include="Camera.h" />
    <ClInclude Include="ShapeBase.h">
      <Filter>Shape</Filter>
    </ClInclude>
    <ClInclude Include="Sphere.h">
      <Filter>Shape</Filter>
    </ClInclude>
    <ClInclude Include="Bounds.h" />
    <ClInclude Include="Ray.h" />
    <ClInclude Include="SimpleMath.h">
      <Filter>SimpleMath</Filter>
    </ClInclude>
  </ItemGroup>
  <ItemGroup>
    <ClCompile Include="pch.cpp">
      <Filter>pch</Filter>
    </ClCompile>
    <ClCompile Include="Transform.cpp" />
    <ClCompile Include="Camera.cpp" />
    <ClCompile Include="Bounds.cpp" />
    <ClCompile Include="Sphere.cpp">
      <Filter>Shape</Filter>
    </ClCompile>
    <ClCompile Include="MathUtils.cpp" />
    <ClCompile Include="SimpleMath.cpp">
      <Filter>SimpleMath</Filter>
    </ClCompile>
  </ItemGroup>
  <ItemGroup>
    <None Include="SimpleMath.inl">
      <Filter>SimpleMath</Filter>
    </None>
  </ItemGroup>
</Project>