<?xml version="1.0" encoding="utf-8"?>
<Project ToolsVersion="4.0" xmlns="http://schemas.microsoft.com/developer/msbuild/2003">
  <ItemGroup>
    <ClCompile Include="Client.cpp" />
    <ClCompile Include="pch.cpp">
      <Filter>pch</Filter>
    </ClCompile>
    <ClCompile Include="main.cpp">
      <Filter>MainEntry</Filter>
    </ClCompile>
    <ClCompile Include="RaytracingDemoController.cpp">
      <Filter>Demos</Filter>
    </ClCompile>
    <ClCompile Include="BadAppleController.cpp">
      <Filter>Demos</Filter>
    </ClCompile>
    <ClCompile Include="TessellationDemoController.cpp">
      <Filter>Demos</Filter>
    </ClCompile>
    <ClCompile Include="CollisionDemoController.cpp">
      <Filter>Demos</Filter>
    </ClCompile>
    <ClCompile Include="CameraController.cpp">
      <Filter>Controller</Filter>
    </ClCompile>
    <ClCompile Include="InputManager.cpp">
      <Filter>InputManager</Filter>
    </ClCompile>
    <ClCompile Include="BallisticDemo.cpp">
      <Filter>Demos</Filter>
    </ClCompile>
    <ClCompile Include="Firework.cpp">
      <Filter>FireworkDemo</Filter>
    </ClCompile>
    <ClCompile Include="VideoManager.cpp">
      <Filter>Manager</Filter>
    </ClCompile>
    <ClCompile Include="AudioManager.cpp">
      <Filter>Manager</Filter>
    </ClCompile>
    <ClCompile Include="PlayerController.cpp" />
    <ClCompile Include="BasicScene.cpp" />
    <ClCompile Include="PhysicsDemoController.cpp">
      <Filter>Scene</Filter>
    </ClCompile>
  </ItemGroup>
  <ItemGroup>
    <ClInclude Include="Client.h" />
    <ClInclude Include="Resource.h">
      <Filter>Resources</Filter>
    </ClInclude>
    <ClInclude Include="targetver.h">
      <Filter>Resources</Filter>
    </ClInclude>
    <ClInclude Include="pch.h">
      <Filter>pch</Filter>
    </ClInclude>
    <ClInclude Include="RaytracingDemoController.h">
      <Filter>Demos</Filter>
    </ClInclude>
    <ClInclude Include="BadAppleController.h">
      <Filter>Demos</Filter>
    </ClInclude>
    <ClInclude Include="TessellationDemoController.h">
      <Filter>Demos</Filter>
    </ClInclude>
    <ClInclude Include="..\Common\typedef.h">
      <Filter>Common</Filter>
    </ClInclude>
    <ClInclude Include="..\Common\EngineInterface.h">
      <Filter>Common</Filter>
    </ClInclude>
    <ClInclude Include="..\Common\ModelExporterInterface.h">
      <Filter>Common</Filter>
    </ClInclude>
    <ClInclude Include="..\Common\RendererInterface.h">
      <Filter>Common</Filter>
    </ClInclude>
    <ClInclude Include="CollisionDemoController.h">
      <Filter>Demos</Filter>
    </ClInclude>
    <ClInclude Include="CameraController.h">
      <Filter>Controller</Filter>
    </ClInclude>
    <ClInclude Include="InputManager.h">
      <Filter>InputManager</Filter>
    </ClInclude>
    <ClInclude Include="ControllerRegistry.h">
      <Filter>Controller</Filter>
    </ClInclude>
    <ClInclude Include="BallisticDemo.h">
      <Filter>Demos</Filter>
    </ClInclude>
    <ClInclude Include="Firework.h">
      <Filter>FireworkDemo</Filter>
    </ClInclude>
    <ClInclude Include="VideoManager.h">
      <Filter>Manager</Filter>
    </ClInclude>
    <ClInclude Include="AudioManager.h">
      <Filter>Manager</Filter>
    </ClInclude>
    <ClInclude Include="PlayerController.h" />
    <ClInclude Include="SceneRegistry.h" />
    <ClInclude Include="BasicScene.h" />
    <ClInclude Include="PhysicsDemoController.h">
      <Filter>Scene</Filter>
    </ClInclude>
  </ItemGroup>
  <ItemGroup>
    <Image Include="small.ico">
      <Filter>Resources</Filter>
    </Image>
    <Image Include="DoldamEngine.ico">
      <Filter>Resources</Filter>
    </Image>
  </ItemGroup>
  <ItemGroup>
    <Filter Include="Manager">
      <UniqueIdentifier>{39e67aee-72a8-476e-9f0c-9d0e3c3ba726}</UniqueIdentifier>
    </Filter>
    <Filter Include="Resources">
      <UniqueIdentifier>{f7e15b99-e557-4902-99e3-545aa7b30e1f}</UniqueIdentifier>
    </Filter>
    <Filter Include="pch">
      <UniqueIdentifier>{aba78591-0bd2-4cd6-a336-c1f7d6082321}</UniqueIdentifier>
    </Filter>
    <Filter Include="MainEntry">
      <UniqueIdentifier>{21b86737-52b2-4a2e-8ef3-9e7291beee40}</UniqueIdentifier>
    </Filter>
    <Filter Include="GUI">
      <UniqueIdentifier>{d98cb3f0-6248-4c08-8953-d0c5bbc80d41}</UniqueIdentifier>
    </Filter>
    <Filter Include="Demos">
      <UniqueIdentifier>{8957c0e8-9b7b-40eb-817a-d2f700fd4efb}</UniqueIdentifier>
    </Filter>
    <Filter Include="Common">
      <UniqueIdentifier>{3418e9d2-50b9-4ba3-9c7c-37c392b1b533}</UniqueIdentifier>
    </Filter>
    <Filter Include="Controller">
      <UniqueIdentifier>{230016e5-580a-481a-b870-cb542c3c876b}</UniqueIdentifier>
    </Filter>
    <Filter Include="InputManager">
      <UniqueIdentifier>{628160d5-6d7b-4c84-9448-3087be2146df}</UniqueIdentifier>
    </Filter>
    <Filter Include="FireworkDemo">
      <UniqueIdentifier>{7c1b3754-0250-4a4c-9d03-2bb908a76028}</UniqueIdentifier>
    </Filter>
    <Filter Include="Scene">
      <UniqueIdentifier>{fec409ff-bf00-4990-bc22-7842dc62944a}</UniqueIdentifier>
    </Filter>
  </ItemGroup>
  <ItemGroup>
    <ResourceCompile Include="DoldamEngine.rc">
      <Filter>Resources</Filter>
    </ResourceCompile>
  </ItemGroup>
</Project>